
Microsoft Visual Studio Solution File, Format Version 12.00
# Visual Studio Version 17
VisualStudioVersion = 17.2.32616.157
MinimumVisualStudioVersion = 10.0.40219.1
Project("{9A19103F-16F7-4668-BE54-9A1E7A4F7556}") = "GameRecordingSystem", "GameRecordingSystem\GameRecordingSystem.csproj", "{6E2B018D-8F1B-4888-9153-D89626DB556E}"
EndProject
Global
	GlobalSection(SolutionConfigurationPlatforms) = preSolution
		Debug|Any CPU = Debug|Any CPU
		Release|Any CPU = Release|Any CPU
	EndGlobalSection
	GlobalSection(ProjectConfigurationPlatforms) = postSolution
		{6E2B018D-8F1B-4888-9153-D89626DB556E}.Debug|Any CPU.ActiveCfg = Debug|Any CPU
		{6E2B018D-8F1B-4888-9153-D89626DB556E}.Debug|Any CPU.Build.0 = Debug|Any CPU
		{6E2B018D-8F1B-4888-9153-D89626DB556E}.Release|Any CPU.ActiveCfg = Release|Any CPU
		{6E2B018D-8F1B-4888-9153-D89626DB556E}.Release|Any CPU.Build.0 = Release|Any CPU
	EndGlobalSection
	GlobalSection(SolutionProperties) = preSolution
		HideSolutionNode = FALSE
	EndGlobalSection
	GlobalSection(ExtensibilityGlobals) = postSolution
		SolutionGuid = {D0FF7AA7-2A84-4CC1-A303-23718D42EE2E}
	EndGlobalSection
EndGlobal
